// !$*UTF8*$!
{
	archiveVersion = 1;
	classes = {
	};
	objectVersion = 54;
	objects = {

/* Begin PBXBuildFile section */
		00E356F31AD99517003FC87E /* SparkTests.m in Sources */ = {isa = PBXBuildFile; fileRef = 00E356F21AD99517003FC87E /* SparkTests.m */; };
		13B07FBC1A68108700A75B9A /* AppDelegate.mm in Sources */ = {isa = PBXBuildFile; fileRef = 13B07FB01A68108700A75B9A /* AppDelegate.mm */; };
		13B07FBF1A68108700A75B9A /* Images.xcassets in Resources */ = {isa = PBXBuildFile; fileRef = 13B07FB51A68108700A75B9A /* Images.xcassets */; };
		13B07FC11A68108700A75B9A /* main.m in Sources */ = {isa = PBXBuildFile; fileRef = 13B07FB71A68108700A75B9A /* main.m */; };
		14B7B067BC5E8F05C06D4D89 /* libPods-Spark-SparkTests.a in Frameworks */ = {isa = PBXBuildFile; fileRef = B4A4027EF8D5B02AB5BE5D04 /* libPods-Spark-SparkTests.a */; };
		5411D847DD9B9D40AF61D629 /* PrivacyInfo.xcprivacy in Resources */ = {isa = PBXBuildFile; fileRef = 0F9666B97F31F82F187B3C7C /* PrivacyInfo.xcprivacy */; };
		62C1E2DB89B7FFE2F89F4173 /* libPods-Spark.a in Frameworks */ = {isa = PBXBuildFile; fileRef = 243A92BB0446026A2DC028E6 /* libPods-Spark.a */; };
		81AB9BB82411601600AC10FF /* LaunchScreen.storyboard in Resources */ = {isa = PBXBuildFile; fileRef = 81AB9BB72411601600AC10FF /* LaunchScreen.storyboard */; };
		83A06AD52CC93E3F0053F04D /* hey_pango.onnx in Resources */ = {isa = PBXBuildFile; fileRef = 83A06AD02CC93E3E0053F04D /* hey_pango.onnx */; };
		83A06AD62CC93E3F0053F04D /* i_want_to_stop_park.onnx in Resources */ = {isa = PBXBuildFile; fileRef = 83A06AD12CC93E3E0053F04D /* i_want_to_stop_park.onnx */; };
		83A06AD72CC93E3F0053F04D /* i_want_to_park.onnx in Resources */ = {isa = PBXBuildFile; fileRef = 83A06AD22CC93E3E0053F04D /* i_want_to_park.onnx */; };
		83A06AD82CC93E3F0053F04D /* step_back.onnx in Resources */ = {isa = PBXBuildFile; fileRef = 83A06AD32CC93E3E0053F04D /* step_back.onnx */; };
		83A06AD92CC93E3F0053F04D /* nearest_gaz_station.onnx in Resources */ = {isa = PBXBuildFile; fileRef = 83A06AD42CC93E3E0053F04D /* nearest_gaz_station.onnx */; };
		83A06AE02CCAA32F0053F04D /* carparkoptions.mp3 in Resources */ = {isa = PBXBuildFile; fileRef = 83A06ADB2CCAA32E0053F04D /* carparkoptions.mp3 */; };
		83A06AE12CCAA32F0053F04D /* options_park_stop_gaz.mp3 in Resources */ = {isa = PBXBuildFile; fileRef = 83A06ADC2CCAA32E0053F04D /* options_park_stop_gaz.mp3 */; };
		83A06AE22CCAA32F0053F04D /* chosenearestgazstation.mp3 in Resources */ = {isa = PBXBuildFile; fileRef = 83A06ADD2CCAA32F0053F04D /* chosenearestgazstation.mp3 */; };
		83A06AE32CCAA32F0053F04D /* you_chose_to_park_your_car.mp3 in Resources */ = {isa = PBXBuildFile; fileRef = 83A06ADE2CCAA32F0053F04D /* you_chose_to_park_your_car.mp3 */; };
		83A06AE42CCAA32F0053F04D /* chose_stop_parking.mp3 in Resources */ = {isa = PBXBuildFile; fileRef = 83A06ADF2CCAA32F0053F04D /* chose_stop_parking.mp3 */; };
		83A06AE62CCE2AB20053F04D /* electric_vehicle_parking.onnx in Resources */ = {isa = PBXBuildFile; fileRef = 83A06AE52CCE2AB20053F04D /* electric_vehicle_parking.onnx */; };
		83A06AE82CCFD07F0053F04D /* activationcommand.mp3 in Resources */ = {isa = PBXBuildFile; fileRef = 83A06AE72CCFD07E0053F04D /* activationcommand.mp3 */; };
		83A06AF02CD137520053F04D /* to_find_an_electical_vehicle_parking.mp3 in Resources */ = {isa = PBXBuildFile; fileRef = 83A06AE92CD137510053F04D /* to_find_an_electical_vehicle_parking.mp3 */; };
		83A06AF12CD137520053F04D /* to_step_back.mp3 in Resources */ = {isa = PBXBuildFile; fileRef = 83A06AEA2CD137510053F04D /* to_step_back.mp3 */; };
		83A06AF22CD137520053F04D /* you_chose.mp3 in Resources */ = {isa = PBXBuildFile; fileRef = 83A06AEB2CD137510053F04D /* you_chose.mp3 */; };
		83A06AF32CD137520053F04D /* to_stop_parking.mp3 in Resources */ = {isa = PBXBuildFile; fileRef = 83A06AEC2CD137510053F04D /* to_stop_parking.mp3 */; };
		83A06AF42CD137520053F04D /* to_find_the_nearest_gas_station.mp3 in Resources */ = {isa = PBXBuildFile; fileRef = 83A06AED2CD137520053F04D /* to_find_the_nearest_gas_station.mp3 */; };
		83A06AF52CD137520053F04D /* contact_us.mp3 in Resources */ = {isa = PBXBuildFile; fileRef = 83A06AEE2CD137520053F04D /* contact_us.mp3 */; };
		83A06AF62CD137520053F04D /* to_park_your_car.mp3 in Resources */ = {isa = PBXBuildFile; fileRef = 83A06AEF2CD137520053F04D /* to_park_your_car.mp3 */; };
		83A06AF92CD9F5DB0053F04D /* genious.onnx in Resources */ = {isa = PBXBuildFile; fileRef = 83A06AF82CD9F5DB0053F04D /* genious.onnx */; };
		83C1A3512C9087DA001F84E1 /* embedding_model.onnx in Resources */ = {isa = PBXBuildFile; fileRef = 83C1A34E2C9087DA001F84E1 /* embedding_model.onnx */; };
		83C1A3522C9087DA001F84E1 /* melspectrogram.onnx in Resources */ = {isa = PBXBuildFile; fileRef = 83C1A34F2C9087DA001F84E1 /* melspectrogram.onnx */; };
		83C1A3532C9087DA001F84E1 /* need_help_now.onnx in Resources */ = {isa = PBXBuildFile; fileRef = 83C1A3502C9087DA001F84E1 /* need_help_now.onnx */; };
		83C1A3582C92F538001F84E1 /* KeyWordRNBridgeSwift.mm in Sources */ = {isa = PBXBuildFile; fileRef = 83C1A3542C92F538001F84E1 /* KeyWordRNBridgeSwift.mm */; };
		83C1A3592C92F538001F84E1 /* KeyWordRNBridge.mm in Sources */ = {isa = PBXBuildFile; fileRef = 83C1A3562C92F538001F84E1 /* KeyWordRNBridge.mm */; };
		83D5EF592CAD62440017B91C /* KeyWordDetection.xcframework in Frameworks */ = {isa = PBXBuildFile; fileRef = 83C1A34A2C9087C0001F84E1 /* KeyWordDetection.xcframework */; };
		83D5EF5A2CAD62440017B91C /* KeyWordDetection.xcframework in Embed Frameworks */ = {isa = PBXBuildFile; fileRef = 83C1A34A2C9087C0001F84E1 /* KeyWordDetection.xcframework */; settings = {ATTRIBUTES = (CodeSignOnCopy, RemoveHeadersOnCopy, ); }; };
		83E5EB562D119FF200E0E552 /* silero_vad.onnx in Resources */ = {isa = PBXBuildFile; fileRef = 83E5EB552D119FF200E0E552 /* silero_vad.onnx */; };
/* End PBXBuildFile section */

/* Begin PBXContainerItemProxy section */
		00E356F41AD99517003FC87E /* PBXContainerItemProxy */ = {
			isa = PBXContainerItemProxy;
			containerPortal = 83CBB9F71A601CBA00E9B192 /* Project object */;
			proxyType = 1;
			remoteGlobalIDString = 13B07F861A680F5B00A75B9A;
			remoteInfo = Spark;
		};
/* End PBXContainerItemProxy section */

/* Begin PBXCopyFilesBuildPhase section */
		83D5EF5B2CAD62440017B91C /* Embed Frameworks */ = {
			isa = PBXCopyFilesBuildPhase;
			buildActionMask = 2147483647;
			dstPath = "";
			dstSubfolderSpec = 10;
			files = (
				83D5EF5A2CAD62440017B91C /* KeyWordDetection.xcframework in Embed Frameworks */,
			);
			name = "Embed Frameworks";
			runOnlyForDeploymentPostprocessing = 0;
		};
/* End PBXCopyFilesBuildPhase section */

/* Begin PBXFileReference section */
		00E356EE1AD99517003FC87E /* SparkTests.xctest */ = {isa = PBXFileReference; explicitFileType = wrapper.cfbundle; includeInIndex = 0; path = SparkTests.xctest; sourceTree = BUILT_PRODUCTS_DIR; };
		00E356F11AD99517003FC87E /* Info.plist */ = {isa = PBXFileReference; lastKnownFileType = text.plist.xml; path = Info.plist; sourceTree = "<group>"; };
		00E356F21AD99517003FC87E /* SparkTests.m */ = {isa = PBXFileReference; lastKnownFileType = sourcecode.c.objc; path = SparkTests.m; sourceTree = "<group>"; };
		08F80FC9CFA8ACA51864300B /* Pods-Spark-SparkTests.debug.xcconfig */ = {isa = PBXFileReference; includeInIndex = 1; lastKnownFileType = text.xcconfig; name = "Pods-Spark-SparkTests.debug.xcconfig"; path = "Target Support Files/Pods-Spark-SparkTests/Pods-Spark-SparkTests.debug.xcconfig"; sourceTree = "<group>"; };
		0C8E5FCE568E2C9C4EAC2DD4 /* Pods-Spark.release.xcconfig */ = {isa = PBXFileReference; includeInIndex = 1; lastKnownFileType = text.xcconfig; name = "Pods-Spark.release.xcconfig"; path = "Target Support Files/Pods-Spark/Pods-Spark.release.xcconfig"; sourceTree = "<group>"; };
		0F9666B97F31F82F187B3C7C /* PrivacyInfo.xcprivacy */ = {isa = PBXFileReference; includeInIndex = 1; lastKnownFileType = text.xml; name = PrivacyInfo.xcprivacy; path = Spark/PrivacyInfo.xcprivacy; sourceTree = "<group>"; };
		13B07F961A680F5B00A75B9A /* Spark.app */ = {isa = PBXFileReference; explicitFileType = wrapper.application; includeInIndex = 0; path = Spark.app; sourceTree = BUILT_PRODUCTS_DIR; };
		13B07FAF1A68108700A75B9A /* AppDelegate.h */ = {isa = PBXFileReference; fileEncoding = 4; lastKnownFileType = sourcecode.c.h; name = AppDelegate.h; path = Spark/AppDelegate.h; sourceTree = "<group>"; };
		13B07FB01A68108700A75B9A /* AppDelegate.mm */ = {isa = PBXFileReference; fileEncoding = 4; lastKnownFileType = sourcecode.cpp.objcpp; name = AppDelegate.mm; path = Spark/AppDelegate.mm; sourceTree = "<group>"; };
		13B07FB51A68108700A75B9A /* Images.xcassets */ = {isa = PBXFileReference; lastKnownFileType = folder.assetcatalog; name = Images.xcassets; path = Spark/Images.xcassets; sourceTree = "<group>"; };
		13B07FB61A68108700A75B9A /* Info.plist */ = {isa = PBXFileReference; fileEncoding = 4; lastKnownFileType = text.plist.xml; name = Info.plist; path = Spark/Info.plist; sourceTree = "<group>"; };
		13B07FB71A68108700A75B9A /* main.m */ = {isa = PBXFileReference; fileEncoding = 4; lastKnownFileType = sourcecode.c.objc; name = main.m; path = Spark/main.m; sourceTree = "<group>"; };
		13B07FB81A68108700A75B9A /* PrivacyInfo.xcprivacy */ = {isa = PBXFileReference; fileEncoding = 4; lastKnownFileType = text.plist.xml; name = PrivacyInfo.xcprivacy; path = Spark/PrivacyInfo.xcprivacy; sourceTree = "<group>"; };
		243A92BB0446026A2DC028E6 /* libPods-Spark.a */ = {isa = PBXFileReference; explicitFileType = archive.ar; includeInIndex = 0; path = "libPods-Spark.a"; sourceTree = BUILT_PRODUCTS_DIR; };
		367080301B9262EBDA307A6A /* Pods-Spark.debug.xcconfig */ = {isa = PBXFileReference; includeInIndex = 1; lastKnownFileType = text.xcconfig; name = "Pods-Spark.debug.xcconfig"; path = "Target Support Files/Pods-Spark/Pods-Spark.debug.xcconfig"; sourceTree = "<group>"; };
		81AB9BB72411601600AC10FF /* LaunchScreen.storyboard */ = {isa = PBXFileReference; fileEncoding = 4; lastKnownFileType = file.storyboard; name = LaunchScreen.storyboard; path = Spark/LaunchScreen.storyboard; sourceTree = "<group>"; };
		83A06AD02CC93E3E0053F04D /* hey_pango.onnx */ = {isa = PBXFileReference; lastKnownFileType = file; name = hey_pango.onnx; path = Spark/models/hey_pango.onnx; sourceTree = "<group>"; };
		83A06AD12CC93E3E0053F04D /* i_want_to_stop_park.onnx */ = {isa = PBXFileReference; lastKnownFileType = file; name = i_want_to_stop_park.onnx; path = Spark/models/i_want_to_stop_park.onnx; sourceTree = "<group>"; };
		83A06AD22CC93E3E0053F04D /* i_want_to_park.onnx */ = {isa = PBXFileReference; lastKnownFileType = file; name = i_want_to_park.onnx; path = Spark/models/i_want_to_park.onnx; sourceTree = "<group>"; };
		83A06AD32CC93E3E0053F04D /* step_back.onnx */ = {isa = PBXFileReference; lastKnownFileType = file; name = step_back.onnx; path = Spark/models/step_back.onnx; sourceTree = "<group>"; };
		83A06AD42CC93E3E0053F04D /* nearest_gaz_station.onnx */ = {isa = PBXFileReference; lastKnownFileType = file; name = nearest_gaz_station.onnx; path = Spark/models/nearest_gaz_station.onnx; sourceTree = "<group>"; };
		83A06ADA2CCA90070053F04D /* Spark.entitlements */ = {isa = PBXFileReference; lastKnownFileType = text.plist.entitlements; name = Spark.entitlements; path = Spark/Spark.entitlements; sourceTree = "<group>"; };
		83A06ADB2CCAA32E0053F04D /* carparkoptions.mp3 */ = {isa = PBXFileReference; lastKnownFileType = audio.mp3; name = carparkoptions.mp3; path = Spark/mp3/carparkoptions.mp3; sourceTree = "<group>"; };
		83A06ADC2CCAA32E0053F04D /* options_park_stop_gaz.mp3 */ = {isa = PBXFileReference; lastKnownFileType = audio.mp3; name = options_park_stop_gaz.mp3; path = Spark/mp3/options_park_stop_gaz.mp3; sourceTree = "<group>"; };
		83A06ADD2CCAA32F0053F04D /* chosenearestgazstation.mp3 */ = {isa = PBXFileReference; lastKnownFileType = audio.mp3; name = chosenearestgazstation.mp3; path = Spark/mp3/chosenearestgazstation.mp3; sourceTree = "<group>"; };
		83A06ADE2CCAA32F0053F04D /* you_chose_to_park_your_car.mp3 */ = {isa = PBXFileReference; lastKnownFileType = audio.mp3; name = you_chose_to_park_your_car.mp3; path = Spark/mp3/you_chose_to_park_your_car.mp3; sourceTree = "<group>"; };
		83A06ADF2CCAA32F0053F04D /* chose_stop_parking.mp3 */ = {isa = PBXFileReference; lastKnownFileType = audio.mp3; name = chose_stop_parking.mp3; path = Spark/mp3/chose_stop_parking.mp3; sourceTree = "<group>"; };
		83A06AE52CCE2AB20053F04D /* electric_vehicle_parking.onnx */ = {isa = PBXFileReference; lastKnownFileType = file; name = electric_vehicle_parking.onnx; path = Spark/models/electric_vehicle_parking.onnx; sourceTree = "<group>"; };
		83A06AE72CCFD07E0053F04D /* activationcommand.mp3 */ = {isa = PBXFileReference; lastKnownFileType = audio.mp3; name = activationcommand.mp3; path = Spark/mp3/activationcommand.mp3; sourceTree = "<group>"; };
		83A06AE92CD137510053F04D /* to_find_an_electical_vehicle_parking.mp3 */ = {isa = PBXFileReference; lastKnownFileType = audio.mp3; name = to_find_an_electical_vehicle_parking.mp3; path = Spark/mp3/to_find_an_electical_vehicle_parking.mp3; sourceTree = "<group>"; };
		83A06AEA2CD137510053F04D /* to_step_back.mp3 */ = {isa = PBXFileReference; lastKnownFileType = audio.mp3; name = to_step_back.mp3; path = Spark/mp3/to_step_back.mp3; sourceTree = "<group>"; };
		83A06AEB2CD137510053F04D /* you_chose.mp3 */ = {isa = PBXFileReference; lastKnownFileType = audio.mp3; name = you_chose.mp3; path = Spark/mp3/you_chose.mp3; sourceTree = "<group>"; };
		83A06AEC2CD137510053F04D /* to_stop_parking.mp3 */ = {isa = PBXFileReference; lastKnownFileType = audio.mp3; name = to_stop_parking.mp3; path = Spark/mp3/to_stop_parking.mp3; sourceTree = "<group>"; };
		83A06AED2CD137520053F04D /* to_find_the_nearest_gas_station.mp3 */ = {isa = PBXFileReference; lastKnownFileType = audio.mp3; name = to_find_the_nearest_gas_station.mp3; path = Spark/mp3/to_find_the_nearest_gas_station.mp3; sourceTree = "<group>"; };
		83A06AEE2CD137520053F04D /* contact_us.mp3 */ = {isa = PBXFileReference; lastKnownFileType = audio.mp3; name = contact_us.mp3; path = Spark/mp3/contact_us.mp3; sourceTree = "<group>"; };
		83A06AEF2CD137520053F04D /* to_park_your_car.mp3 */ = {isa = PBXFileReference; lastKnownFileType = audio.mp3; name = to_park_your_car.mp3; path = Spark/mp3/to_park_your_car.mp3; sourceTree = "<group>"; };
		83A06AF82CD9F5DB0053F04D /* genious.onnx */ = {isa = PBXFileReference; lastKnownFileType = file; name = genious.onnx; path = Spark/models/genious.onnx; sourceTree = "<group>"; };
		83C1A34A2C9087C0001F84E1 /* KeyWordDetection.xcframework */ = {isa = PBXFileReference; lastKnownFileType = wrapper.xcframework; name = KeyWordDetection.xcframework; path = Spark/KeyWordDetection.xcframework; sourceTree = "<group>"; };
		83C1A34E2C9087DA001F84E1 /* embedding_model.onnx */ = {isa = PBXFileReference; lastKnownFileType = file; name = embedding_model.onnx; path = Spark/models/embedding_model.onnx; sourceTree = "<group>"; };
		83C1A34F2C9087DA001F84E1 /* melspectrogram.onnx */ = {isa = PBXFileReference; lastKnownFileType = file; name = melspectrogram.onnx; path = Spark/models/melspectrogram.onnx; sourceTree = "<group>"; };
		83C1A3502C9087DA001F84E1 /* need_help_now.onnx */ = {isa = PBXFileReference; lastKnownFileType = file; name = need_help_now.onnx; path = Spark/models/need_help_now.onnx; sourceTree = "<group>"; };
		83C1A3542C92F538001F84E1 /* KeyWordRNBridgeSwift.mm */ = {isa = PBXFileReference; fileEncoding = 4; lastKnownFileType = sourcecode.cpp.objcpp; name = KeyWordRNBridgeSwift.mm; path = Spark/KeyWordRNBridgeSwift.mm; sourceTree = "<group>"; };
		83C1A3552C92F538001F84E1 /* KeyWordRNBridgeSwift.h */ = {isa = PBXFileReference; fileEncoding = 4; lastKnownFileType = sourcecode.c.h; name = KeyWordRNBridgeSwift.h; path = Spark/KeyWordRNBridgeSwift.h; sourceTree = "<group>"; };
		83C1A3562C92F538001F84E1 /* KeyWordRNBridge.mm */ = {isa = PBXFileReference; fileEncoding = 4; lastKnownFileType = sourcecode.cpp.objcpp; name = KeyWordRNBridge.mm; path = Spark/KeyWordRNBridge.mm; sourceTree = "<group>"; };
		83C1A3572C92F538001F84E1 /* KeyWordRNBridge.h */ = {isa = PBXFileReference; fileEncoding = 4; lastKnownFileType = sourcecode.c.h; name = KeyWordRNBridge.h; path = Spark/KeyWordRNBridge.h; sourceTree = "<group>"; };
		83E5EB552D119FF200E0E552 /* silero_vad.onnx */ = {isa = PBXFileReference; lastKnownFileType = file; name = silero_vad.onnx; path = Spark/models/silero_vad.onnx; sourceTree = "<group>"; };
		AC835079459E700C7A7A953B /* Pods-Spark-SparkTests.release.xcconfig */ = {isa = PBXFileReference; includeInIndex = 1; lastKnownFileType = text.xcconfig; name = "Pods-Spark-SparkTests.release.xcconfig"; path = "Target Support Files/Pods-Spark-SparkTests/Pods-Spark-SparkTests.release.xcconfig"; sourceTree = "<group>"; };
		B4A4027EF8D5B02AB5BE5D04 /* libPods-Spark-SparkTests.a */ = {isa = PBXFileReference; explicitFileType = archive.ar; includeInIndex = 0; path = "libPods-Spark-SparkTests.a"; sourceTree = BUILT_PRODUCTS_DIR; };
		ED297162215061F000B7C4FE /* JavaScriptCore.framework */ = {isa = PBXFileReference; lastKnownFileType = wrapper.framework; name = JavaScriptCore.framework; path = System/Library/Frameworks/JavaScriptCore.framework; sourceTree = SDKROOT; };
/* End PBXFileReference section */

/* Begin PBXFrameworksBuildPhase section */
		00E356EB1AD99517003FC87E /* Frameworks */ = {
			isa = PBXFrameworksBuildPhase;
			buildActionMask = 2147483647;
			files = (
				14B7B067BC5E8F05C06D4D89 /* libPods-Spark-SparkTests.a in Frameworks */,
			);
			runOnlyForDeploymentPostprocessing = 0;
		};
		13B07F8C1A680F5B00A75B9A /* Frameworks */ = {
			isa = PBXFrameworksBuildPhase;
			buildActionMask = 2147483647;
			files = (
				83D5EF592CAD62440017B91C /* KeyWordDetection.xcframework in Frameworks */,
				62C1E2DB89B7FFE2F89F4173 /* libPods-Spark.a in Frameworks */,
			);
			runOnlyForDeploymentPostprocessing = 0;
		};
/* End PBXFrameworksBuildPhase section */

/* Begin PBXGroup section */
		00E356EF1AD99517003FC87E /* SparkTests */ = {
			isa = PBXGroup;
			children = (
				00E356F21AD99517003FC87E /* SparkTests.m */,
				00E356F01AD99517003FC87E /* Supporting Files */,
			);
			path = SparkTests;
			sourceTree = "<group>";
		};
		00E356F01AD99517003FC87E /* Supporting Files */ = {
			isa = PBXGroup;
			children = (
				00E356F11AD99517003FC87E /* Info.plist */,
			);
			name = "Supporting Files";
			sourceTree = "<group>";
		};
		13B07FAE1A68108700A75B9A /* Spark */ = {
			isa = PBXGroup;
			children = (
				83E5EB552D119FF200E0E552 /* silero_vad.onnx */,
				83A06AF82CD9F5DB0053F04D /* genious.onnx */,
				83A06AEE2CD137520053F04D /* contact_us.mp3 */,
				83A06AE92CD137510053F04D /* to_find_an_electical_vehicle_parking.mp3 */,
				83A06AED2CD137520053F04D /* to_find_the_nearest_gas_station.mp3 */,
				83A06AEF2CD137520053F04D /* to_park_your_car.mp3 */,
				83A06AEA2CD137510053F04D /* to_step_back.mp3 */,
				83A06AEC2CD137510053F04D /* to_stop_parking.mp3 */,
				83A06AEB2CD137510053F04D /* you_chose.mp3 */,
				83A06AE72CCFD07E0053F04D /* activationcommand.mp3 */,
				83A06AE52CCE2AB20053F04D /* electric_vehicle_parking.onnx */,
				83A06ADB2CCAA32E0053F04D /* carparkoptions.mp3 */,
				83A06ADF2CCAA32F0053F04D /* chose_stop_parking.mp3 */,
				83A06ADD2CCAA32F0053F04D /* chosenearestgazstation.mp3 */,
				83A06ADC2CCAA32E0053F04D /* options_park_stop_gaz.mp3 */,
				83A06ADE2CCAA32F0053F04D /* you_chose_to_park_your_car.mp3 */,
				83A06ADA2CCA90070053F04D /* Spark.entitlements */,
				83A06AD02CC93E3E0053F04D /* hey_pango.onnx */,
				83A06AD22CC93E3E0053F04D /* i_want_to_park.onnx */,
				83A06AD12CC93E3E0053F04D /* i_want_to_stop_park.onnx */,
				83A06AD42CC93E3E0053F04D /* nearest_gaz_station.onnx */,
				83A06AD32CC93E3E0053F04D /* step_back.onnx */,
				83C1A3572C92F538001F84E1 /* KeyWordRNBridge.h */,
				83C1A3562C92F538001F84E1 /* KeyWordRNBridge.mm */,
				83C1A3552C92F538001F84E1 /* KeyWordRNBridgeSwift.h */,
				83C1A3542C92F538001F84E1 /* KeyWordRNBridgeSwift.mm */,
				83C1A34E2C9087DA001F84E1 /* embedding_model.onnx */,
				83C1A34F2C9087DA001F84E1 /* melspectrogram.onnx */,
				83C1A3502C9087DA001F84E1 /* need_help_now.onnx */,
				13B07FAF1A68108700A75B9A /* AppDelegate.h */,
				13B07FB01A68108700A75B9A /* AppDelegate.mm */,
				13B07FB51A68108700A75B9A /* Images.xcassets */,
				13B07FB61A68108700A75B9A /* Info.plist */,
				81AB9BB72411601600AC10FF /* LaunchScreen.storyboard */,
				13B07FB71A68108700A75B9A /* main.m */,
				13B07FB81A68108700A75B9A /* PrivacyInfo.xcprivacy */,
				0F9666B97F31F82F187B3C7C /* PrivacyInfo.xcprivacy */,
			);
			name = Spark;
			sourceTree = "<group>";
		};
		2D16E6871FA4F8E400B85C8A /* Frameworks */ = {
			isa = PBXGroup;
			children = (
				83C1A34A2C9087C0001F84E1 /* KeyWordDetection.xcframework */,
				ED297162215061F000B7C4FE /* JavaScriptCore.framework */,
				243A92BB0446026A2DC028E6 /* libPods-Spark.a */,
				B4A4027EF8D5B02AB5BE5D04 /* libPods-Spark-SparkTests.a */,
			);
			name = Frameworks;
			sourceTree = "<group>";
		};
		832341AE1AAA6A7D00B99B32 /* Libraries */ = {
			isa = PBXGroup;
			children = (
			);
			name = Libraries;
			sourceTree = "<group>";
		};
		83CBB9F61A601CBA00E9B192 = {
			isa = PBXGroup;
			children = (
				13B07FAE1A68108700A75B9A /* Spark */,
				832341AE1AAA6A7D00B99B32 /* Libraries */,
				00E356EF1AD99517003FC87E /* SparkTests */,
				83CBBA001A601CBA00E9B192 /* Products */,
				2D16E6871FA4F8E400B85C8A /* Frameworks */,
				BBD78D7AC51CEA395F1C20DB /* Pods */,
			);
			indentWidth = 2;
			sourceTree = "<group>";
			tabWidth = 2;
			usesTabs = 0;
		};
		83CBBA001A601CBA00E9B192 /* Products */ = {
			isa = PBXGroup;
			children = (
				13B07F961A680F5B00A75B9A /* Spark.app */,
				00E356EE1AD99517003FC87E /* SparkTests.xctest */,
			);
			name = Products;
			sourceTree = "<group>";
		};
		BBD78D7AC51CEA395F1C20DB /* Pods */ = {
			isa = PBXGroup;
			children = (
				367080301B9262EBDA307A6A /* Pods-Spark.debug.xcconfig */,
				0C8E5FCE568E2C9C4EAC2DD4 /* Pods-Spark.release.xcconfig */,
				08F80FC9CFA8ACA51864300B /* Pods-Spark-SparkTests.debug.xcconfig */,
				AC835079459E700C7A7A953B /* Pods-Spark-SparkTests.release.xcconfig */,
			);
			path = Pods;
			sourceTree = "<group>";
		};
/* End PBXGroup section */

/* Begin PBXNativeTarget section */
		00E356ED1AD99517003FC87E /* SparkTests */ = {
			isa = PBXNativeTarget;
			buildConfigurationList = 00E357021AD99517003FC87E /* Build configuration list for PBXNativeTarget "SparkTests" */;
			buildPhases = (
				47A5AF741108B81473B706AF /* [CP] Check Pods Manifest.lock */,
				00E356EA1AD99517003FC87E /* Sources */,
				00E356EB1AD99517003FC87E /* Frameworks */,
				00E356EC1AD99517003FC87E /* Resources */,
				B18F7BD1A7C608E81B2C885B /* [CP] Embed Pods Frameworks */,
				5DC8276BB2A00581DE9995E5 /* [CP] Copy Pods Resources */,
			);
			buildRules = (
			);
			dependencies = (
				00E356F51AD99517003FC87E /* PBXTargetDependency */,
			);
			name = SparkTests;
			productName = SparkTests;
			productReference = 00E356EE1AD99517003FC87E /* SparkTests.xctest */;
			productType = "com.apple.product-type.bundle.unit-test";
		};
		13B07F861A680F5B00A75B9A /* Spark */ = {
			isa = PBXNativeTarget;
			buildConfigurationList = 13B07F931A680F5B00A75B9A /* Build configuration list for PBXNativeTarget "Spark" */;
			buildPhases = (
				E476AC4493791935CCA65D03 /* [CP] Check Pods Manifest.lock */,
				13B07F871A680F5B00A75B9A /* Sources */,
				83D5EF5C2CB2B3980017B91C /* Bundle React Native code and images */,
				13B07F8C1A680F5B00A75B9A /* Frameworks */,
				13B07F8E1A680F5B00A75B9A /* Resources */,
				83D5EF5B2CAD62440017B91C /* Embed Frameworks */,
				2D1087D41F524801C976C9B3 /* [CP] Embed Pods Frameworks */,
				9AF136ACB2BFB5C042B2C2F5 /* [CP] Copy Pods Resources */,
			);
			buildRules = (
			);
			dependencies = (
			);
			name = Spark;
			productName = Spark;
			productReference = 13B07F961A680F5B00A75B9A /* Spark.app */;
			productType = "com.apple.product-type.application";
		};
/* End PBXNativeTarget section */

/* Begin PBXProject section */
		83CBB9F71A601CBA00E9B192 /* Project object */ = {
			isa = PBXProject;
			attributes = {
				LastUpgradeCheck = 1210;
				TargetAttributes = {
					00E356ED1AD99517003FC87E = {
						CreatedOnToolsVersion = 6.2;
						TestTargetID = 13B07F861A680F5B00A75B9A;
					};
					13B07F861A680F5B00A75B9A = {
						LastSwiftMigration = 1120;
					};
				};
			};
			buildConfigurationList = 83CBB9FA1A601CBA00E9B192 /* Build configuration list for PBXProject "Spark" */;
			compatibilityVersion = "Xcode 12.0";
			developmentRegion = en;
			hasScannedForEncodings = 0;
			knownRegions = (
				en,
				Base,
			);
			mainGroup = 83CBB9F61A601CBA00E9B192;
			productRefGroup = 83CBBA001A601CBA00E9B192 /* Products */;
			projectDirPath = "";
			projectRoot = "";
			targets = (
				13B07F861A680F5B00A75B9A /* Spark */,
				00E356ED1AD99517003FC87E /* SparkTests */,
			);
		};
/* End PBXProject section */

/* Begin PBXResourcesBuildPhase section */
		00E356EC1AD99517003FC87E /* Resources */ = {
			isa = PBXResourcesBuildPhase;
			buildActionMask = 2147483647;
			files = (
			);
			runOnlyForDeploymentPostprocessing = 0;
		};
		13B07F8E1A680F5B00A75B9A /* Resources */ = {
			isa = PBXResourcesBuildPhase;
			buildActionMask = 2147483647;
			files = (
				83A06AD72CC93E3F0053F04D /* i_want_to_park.onnx in Resources */,
				83C1A3512C9087DA001F84E1 /* embedding_model.onnx in Resources */,
				81AB9BB82411601600AC10FF /* LaunchScreen.storyboard in Resources */,
				83A06AD82CC93E3F0053F04D /* step_back.onnx in Resources */,
				83A06AE02CCAA32F0053F04D /* carparkoptions.mp3 in Resources */,
				83A06AE62CCE2AB20053F04D /* electric_vehicle_parking.onnx in Resources */,
				83A06AE12CCAA32F0053F04D /* options_park_stop_gaz.mp3 in Resources */,
				83A06AF52CD137520053F04D /* contact_us.mp3 in Resources */,
				83A06AE42CCAA32F0053F04D /* chose_stop_parking.mp3 in Resources */,
				83A06AE82CCFD07F0053F04D /* activationcommand.mp3 in Resources */,
				83A06AE32CCAA32F0053F04D /* you_chose_to_park_your_car.mp3 in Resources */,
				83A06AD52CC93E3F0053F04D /* hey_pango.onnx in Resources */,
				13B07FBF1A68108700A75B9A /* Images.xcassets in Resources */,
				83A06AF32CD137520053F04D /* to_stop_parking.mp3 in Resources */,
				83A06AF42CD137520053F04D /* to_find_the_nearest_gas_station.mp3 in Resources */,
				83E5EB562D119FF200E0E552 /* silero_vad.onnx in Resources */,
				83A06AF22CD137520053F04D /* you_chose.mp3 in Resources */,
				83A06AF12CD137520053F04D /* to_step_back.mp3 in Resources */,
				83A06AF62CD137520053F04D /* to_park_your_car.mp3 in Resources */,
				83A06AF02CD137520053F04D /* to_find_an_electical_vehicle_parking.mp3 in Resources */,
				83A06AE22CCAA32F0053F04D /* chosenearestgazstation.mp3 in Resources */,
				83C1A3522C9087DA001F84E1 /* melspectrogram.onnx in Resources */,
				83A06AF92CD9F5DB0053F04D /* genious.onnx in Resources */,
				83A06AD92CC93E3F0053F04D /* nearest_gaz_station.onnx in Resources */,
				83C1A3532C9087DA001F84E1 /* need_help_now.onnx in Resources */,
				5411D847DD9B9D40AF61D629 /* PrivacyInfo.xcprivacy in Resources */,
				83A06AD62CC93E3F0053F04D /* i_want_to_stop_park.onnx in Resources */,
			);
			runOnlyForDeploymentPostprocessing = 0;
		};
/* End PBXResourcesBuildPhase section */

/* Begin PBXShellScriptBuildPhase section */
		2D1087D41F524801C976C9B3 /* [CP] Embed Pods Frameworks */ = {
			isa = PBXShellScriptBuildPhase;
			buildActionMask = 2147483647;
			files = (
			);
			inputFileListPaths = (
				"${PODS_ROOT}/Target Support Files/Pods-Spark/Pods-Spark-frameworks-${CONFIGURATION}-input-files.xcfilelist",
			);
			name = "[CP] Embed Pods Frameworks";
			outputFileListPaths = (
				"${PODS_ROOT}/Target Support Files/Pods-Spark/Pods-Spark-frameworks-${CONFIGURATION}-output-files.xcfilelist",
			);
			runOnlyForDeploymentPostprocessing = 0;
			shellPath = /bin/sh;
			shellScript = "\"${PODS_ROOT}/Target Support Files/Pods-Spark/Pods-Spark-frameworks.sh\"\n";
			showEnvVarsInLog = 0;
		};
		47A5AF741108B81473B706AF /* [CP] Check Pods Manifest.lock */ = {
			isa = PBXShellScriptBuildPhase;
			buildActionMask = 2147483647;
			files = (
			);
			inputFileListPaths = (
			);
			inputPaths = (
				"${PODS_PODFILE_DIR_PATH}/Podfile.lock",
				"${PODS_ROOT}/Manifest.lock",
			);
			name = "[CP] Check Pods Manifest.lock";
			outputFileListPaths = (
			);
			outputPaths = (
				"$(DERIVED_FILE_DIR)/Pods-Spark-SparkTests-checkManifestLockResult.txt",
			);
			runOnlyForDeploymentPostprocessing = 0;
			shellPath = /bin/sh;
			shellScript = "diff \"${PODS_PODFILE_DIR_PATH}/Podfile.lock\" \"${PODS_ROOT}/Manifest.lock\" > /dev/null\nif [ $? != 0 ] ; then\n    # print error to STDERR\n    echo \"error: The sandbox is not in sync with the Podfile.lock. Run 'pod install' or update your CocoaPods installation.\" >&2\n    exit 1\nfi\n# This output is used by Xcode 'outputs' to avoid re-running this script phase.\necho \"SUCCESS\" > \"${SCRIPT_OUTPUT_FILE_0}\"\n";
			showEnvVarsInLog = 0;
		};
		5DC8276BB2A00581DE9995E5 /* [CP] Copy Pods Resources */ = {
			isa = PBXShellScriptBuildPhase;
			buildActionMask = 2147483647;
			files = (
			);
			inputFileListPaths = (
				"${PODS_ROOT}/Target Support Files/Pods-Spark-SparkTests/Pods-Spark-SparkTests-resources-${CONFIGURATION}-input-files.xcfilelist",
			);
			name = "[CP] Copy Pods Resources";
			outputFileListPaths = (
				"${PODS_ROOT}/Target Support Files/Pods-Spark-SparkTests/Pods-Spark-SparkTests-resources-${CONFIGURATION}-output-files.xcfilelist",
			);
			runOnlyForDeploymentPostprocessing = 0;
			shellPath = /bin/sh;
			shellScript = "\"${PODS_ROOT}/Target Support Files/Pods-Spark-SparkTests/Pods-Spark-SparkTests-resources.sh\"\n";
			showEnvVarsInLog = 0;
		};
		83D5EF5C2CB2B3980017B91C /* Bundle React Native code and images */ = {
			isa = PBXShellScriptBuildPhase;
			alwaysOutOfDate = 1;
			buildActionMask = 2147483647;
			files = (
			);
			inputFileListPaths = (
			);
			inputPaths = (
			);
			name = "Bundle React Native code and images";
			outputFileListPaths = (
			);
			outputPaths = (
			);
			runOnlyForDeploymentPostprocessing = 0;
			shellPath = /bin/sh;
			shellScript = "# Type a script or drag a script file from your workspace to insert its path.\nexport NODE_BINARY=$(which node)\n../node_modules/react-native/scripts/react-native-xcode.sh\n";
		};
		9AF136ACB2BFB5C042B2C2F5 /* [CP] Copy Pods Resources */ = {
			isa = PBXShellScriptBuildPhase;
			buildActionMask = 2147483647;
			files = (
			);
			inputFileListPaths = (
				"${PODS_ROOT}/Target Support Files/Pods-Spark/Pods-Spark-resources-${CONFIGURATION}-input-files.xcfilelist",
			);
			name = "[CP] Copy Pods Resources";
			outputFileListPaths = (
				"${PODS_ROOT}/Target Support Files/Pods-Spark/Pods-Spark-resources-${CONFIGURATION}-output-files.xcfilelist",
			);
			runOnlyForDeploymentPostprocessing = 0;
			shellPath = /bin/sh;
			shellScript = "\"${PODS_ROOT}/Target Support Files/Pods-Spark/Pods-Spark-resources.sh\"\n";
			showEnvVarsInLog = 0;
		};
		B18F7BD1A7C608E81B2C885B /* [CP] Embed Pods Frameworks */ = {
			isa = PBXShellScriptBuildPhase;
			buildActionMask = 2147483647;
			files = (
			);
			inputFileListPaths = (
				"${PODS_ROOT}/Target Support Files/Pods-Spark-SparkTests/Pods-Spark-SparkTests-frameworks-${CONFIGURATION}-input-files.xcfilelist",
			);
			name = "[CP] Embed Pods Frameworks";
			outputFileListPaths = (
				"${PODS_ROOT}/Target Support Files/Pods-Spark-SparkTests/Pods-Spark-SparkTests-frameworks-${CONFIGURATION}-output-files.xcfilelist",
			);
			runOnlyForDeploymentPostprocessing = 0;
			shellPath = /bin/sh;
			shellScript = "\"${PODS_ROOT}/Target Support Files/Pods-Spark-SparkTests/Pods-Spark-SparkTests-frameworks.sh\"\n";
			showEnvVarsInLog = 0;
		};
		E476AC4493791935CCA65D03 /* [CP] Check Pods Manifest.lock */ = {
			isa = PBXShellScriptBuildPhase;
			buildActionMask = 2147483647;
			files = (
			);
			inputFileListPaths = (
			);
			inputPaths = (
				"${PODS_PODFILE_DIR_PATH}/Podfile.lock",
				"${PODS_ROOT}/Manifest.lock",
			);
			name = "[CP] Check Pods Manifest.lock";
			outputFileListPaths = (
			);
			outputPaths = (
				"$(DERIVED_FILE_DIR)/Pods-Spark-checkManifestLockResult.txt",
			);
			runOnlyForDeploymentPostprocessing = 0;
			shellPath = /bin/sh;
			shellScript = "diff \"${PODS_PODFILE_DIR_PATH}/Podfile.lock\" \"${PODS_ROOT}/Manifest.lock\" > /dev/null\nif [ $? != 0 ] ; then\n    # print error to STDERR\n    echo \"error: The sandbox is not in sync with the Podfile.lock. Run 'pod install' or update your CocoaPods installation.\" >&2\n    exit 1\nfi\n# This output is used by Xcode 'outputs' to avoid re-running this script phase.\necho \"SUCCESS\" > \"${SCRIPT_OUTPUT_FILE_0}\"\n";
			showEnvVarsInLog = 0;
		};
/* End PBXShellScriptBuildPhase section */

/* Begin PBXSourcesBuildPhase section */
		00E356EA1AD99517003FC87E /* Sources */ = {
			isa = PBXSourcesBuildPhase;
			buildActionMask = 2147483647;
			files = (
				00E356F31AD99517003FC87E /* SparkTests.m in Sources */,
			);
			runOnlyForDeploymentPostprocessing = 0;
		};
		13B07F871A680F5B00A75B9A /* Sources */ = {
			isa = PBXSourcesBuildPhase;
			buildActionMask = 2147483647;
			files = (
				83C1A3592C92F538001F84E1 /* KeyWordRNBridge.mm in Sources */,
				13B07FBC1A68108700A75B9A /* AppDelegate.mm in Sources */,
				83C1A3582C92F538001F84E1 /* KeyWordRNBridgeSwift.mm in Sources */,
				13B07FC11A68108700A75B9A /* main.m in Sources */,
			);
			runOnlyForDeploymentPostprocessing = 0;
		};
/* End PBXSourcesBuildPhase section */

/* Begin PBXTargetDependency section */
		00E356F51AD99517003FC87E /* PBXTargetDependency */ = {
			isa = PBXTargetDependency;
			target = 13B07F861A680F5B00A75B9A /* Spark */;
			targetProxy = 00E356F41AD99517003FC87E /* PBXContainerItemProxy */;
		};
/* End PBXTargetDependency section */

/* Begin XCBuildConfiguration section */
		00E356F61AD99517003FC87E /* Debug */ = {
			isa = XCBuildConfiguration;
			baseConfigurationReference = 08F80FC9CFA8ACA51864300B /* Pods-Spark-SparkTests.debug.xcconfig */;
			buildSettings = {
				BUNDLE_LOADER = "$(TEST_HOST)";
				GCC_PREPROCESSOR_DEFINITIONS = (
					"DEBUG=1",
					"$(inherited)",
				);
				INFOPLIST_FILE = SparkTests/Info.plist;
				IPHONEOS_DEPLOYMENT_TARGET = 13.4;
				LD_RUNPATH_SEARCH_PATHS = (
					"$(inherited)",
					"@executable_path/Frameworks",
					"@loader_path/Frameworks",
				);
				OTHER_LDFLAGS = (
					"-ObjC",
					"-lc++",
					"$(inherited)",
				);
				PRODUCT_BUNDLE_IDENTIFIER = "org.reactjs.native.example.$(PRODUCT_NAME:rfc1034identifier)";
				PRODUCT_NAME = "$(TARGET_NAME)";
				TEST_HOST = "$(BUILT_PRODUCTS_DIR)/Spark.app/Spark";
			};
			name = Debug;
		};
		00E356F71AD99517003FC87E /* Release */ = {
			isa = XCBuildConfiguration;
			baseConfigurationReference = AC835079459E700C7A7A953B /* Pods-Spark-SparkTests.release.xcconfig */;
			buildSettings = {
				BUNDLE_LOADER = "$(TEST_HOST)";
				COPY_PHASE_STRIP = NO;
				INFOPLIST_FILE = SparkTests/Info.plist;
				IPHONEOS_DEPLOYMENT_TARGET = 13.4;
				LD_RUNPATH_SEARCH_PATHS = (
					"$(inherited)",
					"@executable_path/Frameworks",
					"@loader_path/Frameworks",
				);
				OTHER_LDFLAGS = (
					"-ObjC",
					"-lc++",
					"$(inherited)",
				);
				PRODUCT_BUNDLE_IDENTIFIER = "org.reactjs.native.example.$(PRODUCT_NAME:rfc1034identifier)";
				PRODUCT_NAME = "$(TARGET_NAME)";
				TEST_HOST = "$(BUILT_PRODUCTS_DIR)/Spark.app/Spark";
			};
			name = Release;
		};
		13B07F941A680F5B00A75B9A /* Debug */ = {
			isa = XCBuildConfiguration;
			baseConfigurationReference = 367080301B9262EBDA307A6A /* Pods-Spark.debug.xcconfig */;
			buildSettings = {
				ASSETCATALOG_COMPILER_APPICON_NAME = AppIcon;
				CLANG_ENABLE_MODULES = YES;
				CODE_SIGN_ENTITLEMENTS = Spark/Spark.entitlements;
				CURRENT_PROJECT_VERSION = 1;
				DEVELOPMENT_TEAM = 56W5Y8TXP8;
				ENABLE_BITCODE = NO;
				INFOPLIST_FILE = Spark/Info.plist;
				INFOPLIST_KEY_CFBundleDisplayName = Spark;
				LD_RUNPATH_SEARCH_PATHS = (
					"$(inherited)",
					"@executable_path/Frameworks",
				);
				MARKETING_VERSION = 1.0;
				OTHER_LDFLAGS = (
					"$(inherited)",
					"-ObjC",
					"-lc++",
				);
				PRODUCT_BUNDLE_IDENTIFIER = com.davoice.spark;
				PRODUCT_NAME = Spark;
				SWIFT_OPTIMIZATION_LEVEL = "-Onone";
				SWIFT_VERSION = 5.0;
				VERSIONING_SYSTEM = "apple-generic";
			};
			name = Debug;
		};
		13B07F951A680F5B00A75B9A /* Release */ = {
			isa = XCBuildConfiguration;
			baseConfigurationReference = 0C8E5FCE568E2C9C4EAC2DD4 /* Pods-Spark.release.xcconfig */;
			buildSettings = {
				ASSETCATALOG_COMPILER_APPICON_NAME = AppIcon;
				CLANG_ENABLE_MODULES = YES;
				CODE_SIGN_ENTITLEMENTS = Spark/Spark.entitlements;
				CURRENT_PROJECT_VERSION = 1;
				DEVELOPMENT_TEAM = 56W5Y8TXP8;
				INFOPLIST_FILE = Spark/Info.plist;
				INFOPLIST_KEY_CFBundleDisplayName = Spark;
				LD_RUNPATH_SEARCH_PATHS = (
					"$(inherited)",
					"@executable_path/Frameworks",
				);
				MARKETING_VERSION = 1.0;
				OTHER_LDFLAGS = (
					"$(inherited)",
					"-ObjC",
					"-lc++",
				);
				PRODUCT_BUNDLE_IDENTIFIER = com.davoice.spark;
				PRODUCT_NAME = Spark;
				SWIFT_VERSION = 5.0;
				VERSIONING_SYSTEM = "apple-generic";
			};
			name = Release;
		};
		83CBBA201A601CBA00E9B192 /* Debug */ = {
			isa = XCBuildConfiguration;
			buildSettings = {
				ALWAYS_SEARCH_USER_PATHS = NO;
				CC = "";
				CLANG_ANALYZER_LOCALIZABILITY_NONLOCALIZED = YES;
				CLANG_CXX_LANGUAGE_STANDARD = "c++20";
				CLANG_CXX_LIBRARY = "libc++";
				CLANG_ENABLE_MODULES = YES;
				CLANG_ENABLE_OBJC_ARC = YES;
				CLANG_WARN_BLOCK_CAPTURE_AUTORELEASING = YES;
				CLANG_WARN_BOOL_CONVERSION = YES;
				CLANG_WARN_COMMA = YES;
				CLANG_WARN_CONSTANT_CONVERSION = YES;
				CLANG_WARN_DEPRECATED_OBJC_IMPLEMENTATIONS = YES;
				CLANG_WARN_DIRECT_OBJC_ISA_USAGE = YES_ERROR;
				CLANG_WARN_EMPTY_BODY = YES;
				CLANG_WARN_ENUM_CONVERSION = YES;
				CLANG_WARN_INFINITE_RECURSION = YES;
				CLANG_WARN_INT_CONVERSION = YES;
				CLANG_WARN_NON_LITERAL_NULL_CONVERSION = YES;
				CLANG_WARN_OBJC_IMPLICIT_RETAIN_SELF = YES;
				CLANG_WARN_OBJC_LITERAL_CONVERSION = YES;
				CLANG_WARN_OBJC_ROOT_CLASS = YES_ERROR;
				CLANG_WARN_QUOTED_INCLUDE_IN_FRAMEWORK_HEADER = YES;
				CLANG_WARN_RANGE_LOOP_ANALYSIS = YES;
				CLANG_WARN_STRICT_PROTOTYPES = YES;
				CLANG_WARN_SUSPICIOUS_MOVE = YES;
				CLANG_WARN_UNREACHABLE_CODE = YES;
				CLANG_WARN__DUPLICATE_METHOD_MATCH = YES;
				"CODE_SIGN_IDENTITY[sdk=iphoneos*]" = "iPhone Developer";
				COPY_PHASE_STRIP = NO;
				CXX = "";
				ENABLE_STRICT_OBJC_MSGSEND = YES;
				ENABLE_TESTABILITY = YES;
				"EXCLUDED_ARCHS[sdk=iphonesimulator*]" = "";
				GCC_C_LANGUAGE_STANDARD = gnu99;
				GCC_DYNAMIC_NO_PIC = NO;
				GCC_NO_COMMON_BLOCKS = YES;
				GCC_OPTIMIZATION_LEVEL = 0;
				GCC_PREPROCESSOR_DEFINITIONS = (
					"DEBUG=1",
					"$(inherited)",
				);
				GCC_SYMBOLS_PRIVATE_EXTERN = NO;
				GCC_WARN_64_TO_32_BIT_CONVERSION = YES;
				GCC_WARN_ABOUT_RETURN_TYPE = YES_ERROR;
				GCC_WARN_UNDECLARED_SELECTOR = YES;
				GCC_WARN_UNINITIALIZED_AUTOS = YES_AGGRESSIVE;
				GCC_WARN_UNUSED_FUNCTION = YES;
				GCC_WARN_UNUSED_VARIABLE = YES;
				IPHONEOS_DEPLOYMENT_TARGET = 13.4;
				LD = "";
				LDPLUSPLUS = "";
				LD_RUNPATH_SEARCH_PATHS = (
					/usr/lib/swift,
					"$(inherited)",
				);
				LIBRARY_SEARCH_PATHS = (
					"\"$(SDKROOT)/usr/lib/swift\"",
					"\"$(TOOLCHAIN_DIR)/usr/lib/swift/$(PLATFORM_NAME)\"",
					"\"$(inherited)\"",
				);
				MTL_ENABLE_DEBUG_INFO = YES;
				ONLY_ACTIVE_ARCH = YES;
				OTHER_CPLUSPLUSFLAGS = (
					"$(OTHER_CFLAGS)",
					"-DFOLLY_NO_CONFIG",
					"-DFOLLY_MOBILE=1",
					"-DFOLLY_USE_LIBCPP=1",
					"-DFOLLY_CFG_NO_COROUTINES=1",
					"-DFOLLY_HAVE_CLOCK_GETTIME=1",
				);
				OTHER_LDFLAGS = "$(inherited)  ";
				REACT_NATIVE_PATH = "${PODS_ROOT}/../../node_modules/react-native";
				SDKROOT = iphoneos;
				SWIFT_ACTIVE_COMPILATION_CONDITIONS = "$(inherited) DEBUG";
				USE_HERMES = true;
			};
			name = Debug;
		};
		83CBBA211A601CBA00E9B192 /* Release */ = {
			isa = XCBuildConfiguration;
			buildSettings = {
				ALWAYS_SEARCH_USER_PATHS = NO;
				CC = "";
				CLANG_ANALYZER_LOCALIZABILITY_NONLOCALIZED = YES;
				CLANG_CXX_LANGUAGE_STANDARD = "c++20";
				CLANG_CXX_LIBRARY = "libc++";
				CLANG_ENABLE_MODULES = YES;
				CLANG_ENABLE_OBJC_ARC = YES;
				CLANG_WARN_BLOCK_CAPTURE_AUTORELEASING = YES;
				CLANG_WARN_BOOL_CONVERSION = YES;
				CLANG_WARN_COMMA = YES;
				CLANG_WARN_CONSTANT_CONVERSION = YES;
				CLANG_WARN_DEPRECATED_OBJC_IMPLEMENTATIONS = YES;
				CLANG_WARN_DIRECT_OBJC_ISA_USAGE = YES_ERROR;
				CLANG_WARN_EMPTY_BODY = YES;
				CLANG_WARN_ENUM_CONVERSION = YES;
				CLANG_WARN_INFINITE_RECURSION = YES;
				CLANG_WARN_INT_CONVERSION = YES;
				CLANG_WARN_NON_LITERAL_NULL_CONVERSION = YES;
				CLANG_WARN_OBJC_IMPLICIT_RETAIN_SELF = YES;
				CLANG_WARN_OBJC_LITERAL_CONVERSION = YES;
				CLANG_WARN_OBJC_ROOT_CLASS = YES_ERROR;
				CLANG_WARN_QUOTED_INCLUDE_IN_FRAMEWORK_HEADER = YES;
				CLANG_WARN_RANGE_LOOP_ANALYSIS = YES;
				CLANG_WARN_STRICT_PROTOTYPES = YES;
				CLANG_WARN_SUSPICIOUS_MOVE = YES;
				CLANG_WARN_UNREACHABLE_CODE = YES;
				CLANG_WARN__DUPLICATE_METHOD_MATCH = YES;
				"CODE_SIGN_IDENTITY[sdk=iphoneos*]" = "iPhone Developer";
				COPY_PHASE_STRIP = YES;
				CXX = "";
				ENABLE_NS_ASSERTIONS = NO;
				ENABLE_STRICT_OBJC_MSGSEND = YES;
				"EXCLUDED_ARCHS[sdk=iphonesimulator*]" = "";
				GCC_C_LANGUAGE_STANDARD = gnu99;
				GCC_NO_COMMON_BLOCKS = YES;
				GCC_WARN_64_TO_32_BIT_CONVERSION = YES;
				GCC_WARN_ABOUT_RETURN_TYPE = YES_ERROR;
				GCC_WARN_UNDECLARED_SELECTOR = YES;
				GCC_WARN_UNINITIALIZED_AUTOS = YES_AGGRESSIVE;
				GCC_WARN_UNUSED_FUNCTION = YES;
				GCC_WARN_UNUSED_VARIABLE = YES;
				IPHONEOS_DEPLOYMENT_TARGET = 13.4;
				LD = "";
				LDPLUSPLUS = "";
				LD_RUNPATH_SEARCH_PATHS = (
					/usr/lib/swift,
					"$(inherited)",
				);
				LIBRARY_SEARCH_PATHS = (
					"\"$(SDKROOT)/usr/lib/swift\"",
					"\"$(TOOLCHAIN_DIR)/usr/lib/swift/$(PLATFORM_NAME)\"",
					"\"$(inherited)\"",
				);
				MTL_ENABLE_DEBUG_INFO = NO;
				OTHER_CPLUSPLUSFLAGS = (
					"$(OTHER_CFLAGS)",
					"-DFOLLY_NO_CONFIG",
					"-DFOLLY_MOBILE=1",
					"-DFOLLY_USE_LIBCPP=1",
					"-DFOLLY_CFG_NO_COROUTINES=1",
					"-DFOLLY_HAVE_CLOCK_GETTIME=1",
				);
				OTHER_LDFLAGS = "$(inherited)  ";
				REACT_NATIVE_PATH = "${PODS_ROOT}/../../node_modules/react-native";
				SDKROOT = iphoneos;
				USE_HERMES = true;
				VALIDATE_PRODUCT = YES;
			};
			name = Release;
		};
/* End XCBuildConfiguration section */

/* Begin XCConfigurationList section */
		00E357021AD99517003FC87E /* Build configuration list for PBXNativeTarget "SparkTests" */ = {
			isa = XCConfigurationList;
			buildConfigurations = (
				00E356F61AD99517003FC87E /* Debug */,
				00E356F71AD99517003FC87E /* Release */,
			);
			defaultConfigurationIsVisible = 0;
			defaultConfigurationName = Release;
		};
		13B07F931A680F5B00A75B9A /* Build configuration list for PBXNativeTarget "Spark" */ = {
			isa = XCConfigurationList;
			buildConfigurations = (
				13B07F941A680F5B00A75B9A /* Debug */,
				13B07F951A680F5B00A75B9A /* Release */,
			);
			defaultConfigurationIsVisible = 0;
			defaultConfigurationName = Release;
		};
		83CBB9FA1A601CBA00E9B192 /* Build configuration list for PBXProject "Spark" */ = {
			isa = XCConfigurationList;
			buildConfigurations = (
				83CBBA201A601CBA00E9B192 /* Debug */,
				83CBBA211A601CBA00E9B192 /* Release */,
			);
			defaultConfigurationIsVisible = 0;
			defaultConfigurationName = Release;
		};
/* End XCConfigurationList section */
	};
	rootObject = 83CBB9F71A601CBA00E9B192 /* Project object */;
}
